Microsoft Visual Studio Solution File, Format Version 12.00
# Visual Studio Version 17
VisualStudioVersion = 17.5.33516.290
MinimumVisualStudioVersion = 10.0.40219.1
Project("{2150E333-8FDC-42A3-9474-1A3956D46DE8}") = "stuff", "stuff", "{1ABDD7C1-1F8D-402D-8692-3E4B66962DE0}"
	ProjectSection(SolutionItems) = preProject
		appveyor.yml = appveyor.yml
		CHANGELOG.md = CHANGELOG.md
		CONTRIBUTING.md = CONTRIBUTING.md
		LICENSE.md = LICENSE.md
		README.md = README.md
	EndProjectSection
EndProject
Project("{9A19103F-16F7-4668-BE54-9A1E7A4F7556}") = "Rebus.Log4net", "Rebus.Log4net\Rebus.Log4net.csproj", "{9EDA7793-8E2E-47A3-9511-5D40FD0B958C}"
EndProject
Project("{9A19103F-16F7-4668-BE54-9A1E7A4F7556}") = "TestApplication", "TestApplication\TestApplication.csproj", "{F4A23671-2AE8-4A43-8A7D-841F16E1544C}"
EndProject
Global
	GlobalSection(SolutionConfigurationPlatforms) = preSolution
		Debug|Any CPU = Debug|Any CPU
		Release|Any CPU = Release|Any CPU
	EndGlobalSection
	GlobalSection(ProjectConfigurationPlatforms) = postSolution
		{9EDA7793-8E2E-47A3-9511-5D40FD0B958C}.Debug|Any CPU.ActiveCfg = Debug|Any CPU
		{9EDA7793-8E2E-47A3-9511-5D40FD0B958C}.Debug|Any CPU.Build.0 = Debug|Any CPU
		{9EDA7793-8E2E-47A3-9511-5D40FD0B958C}.Release|Any CPU.ActiveCfg = Release|Any CPU
		{9EDA7793-8E2E-47A3-9511-5D40FD0B958C}.Release|Any CPU.Build.0 = Release|Any CPU
		{F4A23671-2AE8-4A43-8A7D-841F16E1544C}.Debug|Any CPU.ActiveCfg = Debug|Any CPU
		{F4A23671-2AE8-4A43-8A7D-841F16E1544C}.Debug|Any CPU.Build.0 = Debug|Any CPU
		{F4A23671-2AE8-4A43-8A7D-841F16E1544C}.Release|Any CPU.ActiveCfg = Release|Any CPU
		{F4A23671-2AE8-4A43-8A7D-841F16E1544C}.Release|Any CPU.Build.0 = Release|Any CPU
	EndGlobalSection
	GlobalSection(SolutionProperties) = preSolution
		HideSolutionNode = FALSE
	EndGlobalSection
EndGlobal
